// !$*UTF8*$!
{
	archiveVersion = 1;
	classes = {
	};
	objectVersion = 46;
	objects = {

/* Begin PBXBuildFile section */
		CEE751E21DDE504D00A6A30D /* Cell.swift in Sources */ = {isa = PBXBuildFile; fileRef = CEE751E11DDE504D00A6A30D /* Cell.swift */; };
		CEE751E41DDE510300A6A30D /* Colony.swift in Sources */ = {isa = PBXBuildFile; fileRef = CEE751E31DDE510300A6A30D /* Colony.swift */; };
		CEE751E61DDE55A300A6A30D /* manager.swift in Sources */ = {isa = PBXBuildFile; fileRef = CEE751E51DDE55A300A6A30D /* manager.swift */; };
		DA1F2B5B1DCFAFF50072FACF /* AppDelegate.swift in Sources */ = {isa = PBXBuildFile; fileRef = DA1F2B5A1DCFAFF50072FACF /* AppDelegate.swift */; };
		DA1F2B5D1DCFAFF50072FACF /* ViewController.swift in Sources */ = {isa = PBXBuildFile; fileRef = DA1F2B5C1DCFAFF50072FACF /* ViewController.swift */; };
		DA1F2B601DCFAFF50072FACF /* Main.storyboard in Resources */ = {isa = PBXBuildFile; fileRef = DA1F2B5E1DCFAFF50072FACF /* Main.storyboard */; };
		DA1F2B621DCFAFF50072FACF /* Assets.xcassets in Resources */ = {isa = PBXBuildFile; fileRef = DA1F2B611DCFAFF50072FACF /* Assets.xcassets */; };
		DA1F2B651DCFAFF50072FACF /* LaunchScreen.storyboard in Resources */ = {isa = PBXBuildFile; fileRef = DA1F2B631DCFAFF50072FACF /* LaunchScreen.storyboard */; };
/* End PBXBuildFile section */

/* Begin PBXFileReference section */
		CEE751E11DDE504D00A6A30D /* Cell.swift */ = {isa = PBXFileReference; fileEncoding = 4; lastKnownFileType = sourcecode.swift; path = Cell.swift; sourceTree = "<group>"; };
		CEE751E31DDE510300A6A30D /* Colony.swift */ = {isa = PBXFileReference; fileEncoding = 4; lastKnownFileType = sourcecode.swift; path = Colony.swift; sourceTree = "<group>"; };
		CEE751E51DDE55A300A6A30D /* manager.swift */ = {isa = PBXFileReference; fileEncoding = 4; lastKnownFileType = sourcecode.swift; path = manager.swift; sourceTree = "<group>"; };
		DA1F2B571DCFAFF50072FACF /* GameOfLife.app */ = {isa = PBXFileReference; explicitFileType = wrapper.application; includeInIndex = 0; path = GameOfLife.app; sourceTree = BUILT_PRODUCTS_DIR; };
		DA1F2B5A1DCFAFF50072FACF /* AppDelegate.swift */ = {isa = PBXFileReference; lastKnownFileType = sourcecode.swift; path = AppDelegate.swift; sourceTree = "<group>"; };
		DA1F2B5C1DCFAFF50072FACF /* ViewController.swift */ = {isa = PBXFileReference; lastKnownFileType = sourcecode.swift; path = ViewController.swift; sourceTree = "<group>"; };
		DA1F2B5F1DCFAFF50072FACF /* Base */ = {isa = PBXFileReference; lastKnownFileType = file.storyboard; name = Base; path = Base.lproj/Main.storyboard; sourceTree = "<group>"; };
		DA1F2B611DCFAFF50072FACF /* Assets.xcassets */ = {isa = PBXFileReference; lastKnownFileType = folder.assetcatalog; path = Assets.xcassets; sourceTree = "<group>"; };
		DA1F2B641DCFAFF50072FACF /* Base */ = {isa = PBXFileReference; lastKnownFileType = file.storyboard; name = Base; path = Base.lproj/LaunchScreen.storyboard; sourceTree = "<group>"; };
		DA1F2B661DCFAFF50072FACF /* Info.plist */ = {isa = PBXFileReference; lastKnownFileType = text.plist.xml; path = Info.plist; sourceTree = "<group>"; };
/* End PBXFileReference section */

/* Begin PBXFrameworksBuildPhase section */
		DA1F2B541DCFAFF50072FACF /* Frameworks */ = {
			isa = PBXFrameworksBuildPhase;
			buildActionMask = 2147483647;
			files = (
			);
			runOnlyForDeploymentPostprocessing = 0;
		};
/* End PBXFrameworksBuildPhase section */

/* Begin PBXGroup section */
		DA1F2B4E1DCFAFF50072FACF = {
			isa = PBXGroup;
			children = (
				DA1F2B591DCFAFF50072FACF /* GameOfLife */,
				DA1F2B581DCFAFF50072FACF /* Products */,
			);
			sourceTree = "<group>";
		};
		DA1F2B581DCFAFF50072FACF /* Products */ = {
			isa = PBXGroup;
			children = (
				DA1F2B571DCFAFF50072FACF /* GameOfLife.app */,
			);
			name = Products;
			sourceTree = "<group>";
		};
		DA1F2B591DCFAFF50072FACF /* GameOfLife */ = {
			isa = PBXGroup;
			children = (
				CEE751E11DDE504D00A6A30D /* Cell.swift */,
				CEE751E51DDE55A300A6A30D /* manager.swift */,
				CEE751E31DDE510300A6A30D /* Colony.swift */,
				DA1F2B5A1DCFAFF50072FACF /* AppDelegate.swift */,
				DA1F2B5C1DCFAFF50072FACF /* ViewController.swift */,
				DA1F2B5E1DCFAFF50072FACF /* Main.storyboard */,
				DA1F2B611DCFAFF50072FACF /* Assets.xcassets */,
				DA1F2B631DCFAFF50072FACF /* LaunchScreen.storyboard */,
				DA1F2B661DCFAFF50072FACF /* Info.plist */,
			);
			path = GameOfLife;
			sourceTree = "<group>";
		};
/* End PBXGroup section */

/* Begin PBXNativeTarget section */
		DA1F2B561DCFAFF50072FACF /* GameOfLife */ = {
			isa = PBXNativeTarget;
			buildConfigurationList = DA1F2B691DCFAFF50072FACF /* Build configuration list for PBXNativeTarget "GameOfLife" */;
			buildPhases = (
				DA1F2B531DCFAFF50072FACF /* Sources */,
				DA1F2B541DCFAFF50072FACF /* Frameworks */,
				DA1F2B551DCFAFF50072FACF /* Resources */,
			);
			buildRules = (
			);
			dependencies = (
			);
			name = GameOfLife;
			productName = GameOfLife;
			productReference = DA1F2B571DCFAFF50072FACF /* GameOfLife.app */;
			productType = "com.apple.product-type.application";
		};
/* End PBXNativeTarget section */

/* Begin PBXProject section */
		DA1F2B4F1DCFAFF50072FACF /* Project object */ = {
			isa = PBXProject;
			attributes = {
				LastSwiftUpdateCheck = 0730;
				LastUpgradeCheck = 0800;
				ORGANIZATIONNAME = stulinProject;
				TargetAttributes = {
					DA1F2B561DCFAFF50072FACF = {
						CreatedOnToolsVersion = 7.3.1;
						LastSwiftMigration = 0800;
					};
				};
			};
			buildConfigurationList = DA1F2B521DCFAFF50072FACF /* Build configuration list for PBXProject "GameOfLife" */;
			compatibilityVersion = "Xcode 3.2";
			developmentRegion = English;
			hasScannedForEncodings = 0;
			knownRegions = (
				en,
				Base,
			);
			mainGroup = DA1F2B4E1DCFAFF50072FACF;
			productRefGroup = DA1F2B581DCFAFF50072FACF /* Products */;
			projectDirPath = "";
			projectRoot = "";
			targets = (
				DA1F2B561DCFAFF50072FACF /* GameOfLife */,
			);
		};
/* End PBXProject section */

/* Begin PBXResourcesBuildPhase section */
		DA1F2B551DCFAFF50072FACF /* Resources */ = {
			isa = PBXResourcesBuildPhase;
			buildActionMask = 2147483647;
			files = (
				DA1F2B651DCFAFF50072FACF /* LaunchScreen.storyboard in Resources */,
				DA1F2B621DCFAFF50072FACF /* Assets.xcassets in Resources */,
				DA1F2B601DCFAFF50072FACF /* Main.storyboard in Resources */,
			);
			runOnlyForDeploymentPostprocessing = 0;
		};
/* End PBXResourcesBuildPhase section */

/* Begin PBXSourcesBuildPhase section */
		DA1F2B531DCFAFF50072FACF /* Sources */ = {
			isa = PBXSourcesBuildPhase;
			buildActionMask = 2147483647;
			files = (
				DA1F2B5D1DCFAFF50072FACF /* ViewController.swift in Sources */,
				CEE751E61DDE55A300A6A30D /* manager.swift in Sources */,
				CEE751E21DDE504D00A6A30D /* Cell.swift in Sources */,
				DA1F2B5B1DCFAFF50072FACF /* AppDelegate.swift in Sources */,
				CEE751E41DDE510300A6A30D /* Colony.swift in Sources */,
			);
			runOnlyForDeploymentPostprocessing = 0;
		};
/* End PBXSourcesBuildPhase section */

/* Begin PBXVariantGroup section */
		DA1F2B5E1DCFAFF50072FACF /* Main.storyboard */ = {
			isa = PBXVariantGroup;
			children = (
				DA1F2B5F1DCFAFF50072FACF /* Base */,
			);
			name = Main.storyboard;
			sourceTree = "<group>";
		};
		DA1F2B631DCFAFF50072FACF /* LaunchScreen.storyboard */ = {
			isa = PBXVariantGroup;
			children = (
				DA1F2B641DCFAFF50072FACF /* Base */,
			);
			name = LaunchScreen.storyboard;
			sourceTree = "<group>";
		};
/* End PBXVariantGroup section */

/* Begin XCBuildConfiguration section */
		DA1F2B671DCFAFF50072FACF /* Debug */ = {
			isa = XCBuildConfiguration;
			buildSettings = {
				ALWAYS_SEARCH_USER_PATHS = NO;
				CLANG_ANALYZER_NONNULL = YES;
				CLANG_CXX_LANGUAGE_STANDARD = "gnu++0x";
				CLANG_CXX_LIBRARY = "libc++";
				CLANG_ENABLE_MODULES = YES;
				CLANG_ENABLE_OBJC_ARC = YES;
				CLANG_WARN_BOOL_CONVERSION = YES;
				CLANG_WARN_CONSTANT_CONVERSION = YES;
				CLANG_WARN_DIRECT_OBJC_ISA_USAGE = YES_ERROR;
				CLANG_WARN_EMPTY_BODY = YES;
				CLANG_WARN_ENUM_CONVERSION = YES;
				CLANG_WARN_INFINITE_RECURSION = YES;
				CLANG_WARN_INT_CONVERSION = YES;
				CLANG_WARN_OBJC_ROOT_CLASS = YES_ERROR;
				CLANG_WARN_SUSPICIOUS_MOVE = YES;
				CLANG_WARN_UNREACHABLE_CODE = YES;
				CLANG_WARN__DUPLICATE_METHOD_MATCH = YES;
				"CODE_SIGN_IDENTITY[sdk=iphoneos*]" = "iPhone Developer";
				COPY_PHASE_STRIP = NO;
				DEBUG_INFORMATION_FORMAT = dwarf;
				ENABLE_STRICT_OBJC_MSGSEND = YES;
				ENABLE_TESTABILITY = YES;
				GCC_C_LANGUAGE_STANDARD = gnu99;
				GCC_DYNAMIC_NO_PIC = NO;
				GCC_NO_COMMON_BLOCKS = YES;
				GCC_OPTIMIZATION_LEVEL = 0;
				GCC_PREPROCESSOR_DEFINITIONS = (
					"DEBUG=1",
					"$(inherited)",
				);
				GCC_WARN_64_TO_32_BIT_CONVERSION = YES;
				GCC_WARN_ABOUT_RETURN_TYPE = YES_ERROR;
				GCC_WARN_UNDECLARED_SELECTOR = YES;
				GCC_WARN_UNINITIALIZED_AUTOS = YES_AGGRESSIVE;
				GCC_WARN_UNUSED_FUNCTION = YES;
				GCC_WARN_UNUSED_VARIABLE = YES;
				IPHONEOS_DEPLOYMENT_TARGET = 9.3;
				MTL_ENABLE_DEBUG_INFO = YES;
				ONLY_ACTIVE_ARCH = YES;
				SDKROOT = iphoneos;
				SWIFT_OPTIMIZATION_LEVEL = "-Onone";
				TARGETED_DEVICE_FAMILY = 2;
			};
			name = Debug;
		};
		DA1F2B681DCFAFF50072FACF /* Release */ = {
			isa = XCBuildConfiguration;
			buildSettings = {
				ALWAYS_SEARCH_USER_PATHS = NO;
				CLANG_ANALYZER_NONNULL = YES;
				CLANG_CXX_LANGUAGE_STANDARD = "gnu++0x";
				CLANG_CXX_LIBRARY = "libc++";
				CLANG_ENABLE_MODULES = YES;
				CLANG_ENABLE_OBJC_ARC = YES;
				CLANG_WARN_BOOL_CONVERSION = YES;
				CLANG_WARN_CONSTANT_CONVERSION = YES;
				CLANG_WARN_DIRECT_OBJC_ISA_USAGE = YES_ERROR;
				CLANG_WARN_EMPTY_BODY = YES;
				CLANG_WARN_ENUM_CONVERSION = YES;
				CLANG_WARN_INFINITE_RECURSION = YES;
				CLANG_WARN_INT_CONVERSION = YES;
				CLANG_WARN_OBJC_ROOT_CLASS = YES_ERROR;
				CLANG_WARN_SUSPICIOUS_MOVE = YES;
				CLANG_WARN_UNREACHABLE_CODE = YES;
				CLANG_WARN__DUPLICATE_METHOD_MATCH = YES;
				"CODE_SIGN_IDENTITY[sdk=iphoneos*]" = "iPhone Developer";
				COPY_PHASE_STRIP = NO;
				DEBUG_INFORMATION_FORMAT = "dwarf-with-dsym";
				ENABLE_NS_ASSERTIONS = NO;
				ENABLE_STRICT_OBJC_MSGSEND = YES;
				GCC_C_LANGUAGE_STANDARD = gnu99;
				GCC_NO_COMMON_BLOCKS = YES;
				GCC_WARN_64_TO_32_BIT_CONVERSION = YES;
				GCC_WARN_ABOUT_RETURN_TYPE = YES_ERROR;
				GCC_WARN_UNDECLARED_SELECTOR = YES;
				GCC_WARN_UNINITIALIZED_AUTOS = YES_AGGRESSIVE;
				GCC_WARN_UNUSED_FUNCTION = YES;
				GCC_WARN_UNUSED_VARIABLE = YES;
				IPHONEOS_DEPLOYMENT_TARGET = 9.3;
				MTL_ENABLE_DEBUG_INFO = NO;
				SDKROOT = iphoneos;
				SWIFT_OPTIMIZATION_LEVEL = "-Owholemodule";
				TARGETED_DEVICE_FAMILY = 2;
				VALIDATE_PRODUCT = YES;
			};
			name = Release;
		};
		DA1F2B6A1DCFAFF50072FACF /* Debug */ = {
			isa = XCBuildConfiguration;
			buildSettings = {
				ASSETCATALOG_COMPILER_APPICON_NAME = AppIcon;
				INFOPLIST_FILE = GameOfLife/Info.plist;
				LD_RUNPATH_SEARCH_PATHS = "$(inherited) @executable_path/Frameworks";
				PRODUCT_BUNDLE_IDENTIFIER = com.stulinProject.GameOfLife;
				PRODUCT_NAME = "$(TARGET_NAME)";
				SWIFT_VERSION = 3.0;
			};
			name = Debug;
		};
		DA1F2B6B1DCFAFF50072FACF /* Release */ = {
			isa = XCBuildConfiguration;
			buildSettings = {
				ASSETCATALOG_COMPILER_APPICON_NAME = AppIcon;
				INFOPLIST_FILE = GameOfLife/Info.plist;
				LD_RUNPATH_SEARCH_PATHS = "$(inherited) @executable_path/Frameworks";
				PRODUCT_BUNDLE_IDENTIFIER = com.stulinProject.GameOfLife;
				PRODUCT_NAME = "$(TARGET_NAME)";
				SWIFT_VERSION = 3.0;
			};
			name = Release;
		};
/* End XCBuildConfiguration section */

/* Begin XCConfigurationList section */
		DA1F2B521DCFAFF50072FACF /* Build configuration list for PBXProject "GameOfLife" */ = {
			isa = XCConfigurationList;
			buildConfigurations = (
				DA1F2B671DCFAFF50072FACF /* Debug */,
				DA1F2B681DCFAFF50072FACF /* Release */,
			);
			defaultConfigurationIsVisible = 0;
			defaultConfigurationName = Release;
		};
		DA1F2B691DCFAFF50072FACF /* Build configuration list for PBXNativeTarget "GameOfLife" */ = {
			isa = XCConfigurationList;
			buildConfigurations = (
				DA1F2B6A1DCFAFF50072FACF /* Debug */,
				DA1F2B6B1DCFAFF50072FACF /* Release */,
			);
			defaultConfigurationIsVisible = 0;
			defaultConfigurationName = Release;
		};
/* End XCConfigurationList section */
	};
	rootObject = DA1F2B4F1DCFAFF50072FACF /* Project object */;
}
